
Microsoft Visual Studio Solution File, Format Version 12.00
# Visual Studio 2012
Project("{8BC9CEB8-8B4A-11D0-8D11-00A0C91BC942}") = "paint3D", "paint3D\paint3D.vcxproj", "{FF9615E1-CE3A-4F98-BC75-EDAD3C42FD9C}"
EndProject
Global
	GlobalSection(SolutionConfigurationPlatforms) = preSolution
		Debug|Win32 = Debug|Win32
		Release|Win32 = Release|Win32
	EndGlobalSection
	GlobalSection(ProjectConfigurationPlatforms) = postSolution
		{FF9615E1-CE3A-4F98-BC75-EDAD3C42FD9C}.Debug|Win32.ActiveCfg = Debug|Win32
		{FF9615E1-CE3A-4F98-BC75-EDAD3C42FD9C}.Debug|Win32.Build.0 = Debug|Win32
		{FF9615E1-CE3A-4F98-BC75-EDAD3C42FD9C}.Release|Win32.ActiveCfg = Release|Win32
		{FF9615E1-CE3A-4F98-BC75-EDAD3C42FD9C}.Release|Win32.Build.0 = Release|Win32
	EndGlobalSection
	GlobalSection(SolutionProperties) = preSolution
		HideSolutionNode = FALSE
	EndGlobalSection
	GlobalSection(ExtensibilityGlobals) = postSolution
		QtVersion = 4.8.4
	EndGlobalSection
EndGlobal
